Microsoft Visual Studio Solution File, Format Version 12.00
# Visual Studio Version 17
VisualStudioVersion = 17.5.2.0
MinimumVisualStudioVersion = 10.0.40219.1
Project("{FAE04EC0-301F-11D3-BF4B-00C04F79EFBC}") = "StoreBackend.Api", "StoreBackend.Api.csproj", "{119BA8C4-9003-7B13-17A1-3FA630F8A1BE}"
EndProject
Global
	GlobalSection(SolutionConfigurationPlatforms) = preSolution
		Debug|Any CPU = Debug|Any CPU
		Release|Any CPU = Release|Any CPU
	EndGlobalSection
	GlobalSection(ProjectConfigurationPlatforms) = postSolution
		{119BA8C4-9003-7B13-17A1-3FA630F8A1BE}.Debug|Any CPU.ActiveCfg = Debug|Any CPU
		{119BA8C4-9003-7B13-17A1-3FA630F8A1BE}.Debug|Any CPU.Build.0 = Debug|Any CPU
		{119BA8C4-9003-7B13-17A1-3FA630F8A1BE}.Release|Any CPU.ActiveCfg = Release|Any CPU
		{119BA8C4-9003-7B13-17A1-3FA630F8A1BE}.Release|Any CPU.Build.0 = Release|Any CPU
	EndGlobalSection
	GlobalSection(SolutionProperties) = preSolution
		HideSolutionNode = FALSE
	EndGlobalSection
	GlobalSection(ExtensibilityGlobals) = postSolution
		SolutionGuid = {26FFD422-B5A5-428D-BD2B-6CA55597E583}
	EndGlobalSection
EndGlobal
